// !$*UTF8*$!
{
	archiveVersion = 1;
	classes = {
	};
	objectVersion = 46;
	objects = {

/* Begin PBXBuildFile section */
		498363701B14032C00FA8FB4 /* ComposeCollectionViewCell.swift in Sources */ = {isa = PBXBuildFile; fileRef = 4983636F1B14032C00FA8FB4 /* ComposeCollectionViewCell.swift */; };
		49B01B991B14189A00CFF822 /* KeyViewController.swift in Sources */ = {isa = PBXBuildFile; fileRef = 49B01B981B14189A00CFF822 /* KeyViewController.swift */; };
		49B301401B20295A006DB118 /* ParseUI.framework in Frameworks */ = {isa = PBXBuildFile; fileRef = 49B3013F1B20295A006DB118 /* ParseUI.framework */; };
		49B301421B20297B006DB118 /* Parse.framework in Frameworks */ = {isa = PBXBuildFile; fileRef = 49B301411B20297B006DB118 /* Parse.framework */; };
		49F6FD201B0EBEE3009F5070 /* AppDelegate.swift in Sources */ = {isa = PBXBuildFile; fileRef = 49F6FD1F1B0EBEE3009F5070 /* AppDelegate.swift */; };
		49F6FD221B0EBEE3009F5070 /* ViewController.swift in Sources */ = {isa = PBXBuildFile; fileRef = 49F6FD211B0EBEE3009F5070 /* ViewController.swift */; };
		49F6FD251B0EBEE3009F5070 /* Main.storyboard in Resources */ = {isa = PBXBuildFile; fileRef = 49F6FD231B0EBEE3009F5070 /* Main.storyboard */; };
		49F6FD271B0EBEE3009F5070 /* Images.xcassets in Resources */ = {isa = PBXBuildFile; fileRef = 49F6FD261B0EBEE3009F5070 /* Images.xcassets */; };
		49F6FD2A1B0EBEE3009F5070 /* LaunchScreen.xib in Resources */ = {isa = PBXBuildFile; fileRef = 49F6FD281B0EBEE3009F5070 /* LaunchScreen.xib */; };
		49F6FD361B0EBEE3009F5070 /* oDeckTests.swift in Sources */ = {isa = PBXBuildFile; fileRef = 49F6FD351B0EBEE3009F5070 /* oDeckTests.swift */; };
		49F6FD401B0EBF1F009F5070 /* CustomTableViewCell.swift in Sources */ = {isa = PBXBuildFile; fileRef = 49F6FD3F1B0EBF1F009F5070 /* CustomTableViewCell.swift */; };
		49F6FD421B0EBF49009F5070 /* CustomCollectionViewCell.swift in Sources */ = {isa = PBXBuildFile; fileRef = 49F6FD411B0EBF49009F5070 /* CustomCollectionViewCell.swift */; };
		49F6FD451B0EBFD4009F5070 /* CustomCollectionViewCell.xib in Resources */ = {isa = PBXBuildFile; fileRef = 49F6FD431B0EBFD4009F5070 /* CustomCollectionViewCell.xib */; };
		49F6FD461B0EBFD4009F5070 /* CustomTableViewCell.xib in Resources */ = {isa = PBXBuildFile; fileRef = 49F6FD441B0EBFD4009F5070 /* CustomTableViewCell.xib */; };
		49F6FD771B0EFE3D009F5070 /* Bolts.framework in Frameworks */ = {isa = PBXBuildFile; fileRef = 49F6FD751B0EFE3D009F5070 /* Bolts.framework */; };
		49F6FD781B0EFE3D009F5070 /* Parse.framework in Frameworks */ = {isa = PBXBuildFile; fileRef = 49F6FD761B0EFE3D009F5070 /* Parse.framework */; };
		49F6FD7B1B0EFEAB009F5070 /* AudioToolbox.framework in Frameworks */ = {isa = PBXBuildFile; fileRef = 49F6FD7A1B0EFEAB009F5070 /* AudioToolbox.framework */; };
		49F6FD7D1B0EFEB7009F5070 /* CFNetwork.framework in Frameworks */ = {isa = PBXBuildFile; fileRef = 49F6FD7C1B0EFEB7009F5070 /* CFNetwork.framework */; };
		49F6FD7F1B0EFEC0009F5070 /* CoreGraphics.framework in Frameworks */ = {isa = PBXBuildFile; fileRef = 49F6FD7E1B0EFEC0009F5070 /* CoreGraphics.framework */; };
		49F6FD811B0EFECA009F5070 /* CoreLocation.framework in Frameworks */ = {isa = PBXBuildFile; fileRef = 49F6FD801B0EFECA009F5070 /* CoreLocation.framework */; };
		49F6FD831B0EFED3009F5070 /* MobileCoreServices.framework in Frameworks */ = {isa = PBXBuildFile; fileRef = 49F6FD821B0EFED3009F5070 /* MobileCoreServices.framework */; };
		49F6FD851B0EFEE0009F5070 /* QuartzCore.framework in Frameworks */ = {isa = PBXBuildFile; fileRef = 49F6FD841B0EFEE0009F5070 /* QuartzCore.framework */; };
		49F6FD871B0EFEEA009F5070 /* Security.framework in Frameworks */ = {isa = PBXBuildFile; fileRef = 49F6FD861B0EFEEA009F5070 /* Security.framework */; };
		49F6FD891B0EFEF5009F5070 /* StoreKit.framework in Frameworks */ = {isa = PBXBuildFile; fileRef = 49F6FD881B0EFEF5009F5070 /* StoreKit.framework */; };
		49F6FD8B1B0EFF00009F5070 /* SystemConfiguration.framework in Frameworks */ = {isa = PBXBuildFile; fileRef = 49F6FD8A1B0EFF00009F5070 /* SystemConfiguration.framework */; };
		49F6FD8D1B0EFF0B009F5070 /* libz.dylib in Frameworks */ = {isa = PBXBuildFile; fileRef = 49F6FD8C1B0EFF0B009F5070 /* libz.dylib */; };
		49F6FD8F1B0EFF1C009F5070 /* libsqlite3.dylib in Frameworks */ = {isa = PBXBuildFile; fileRef = 49F6FD8E1B0EFF1C009F5070 /* libsqlite3.dylib */; };
		49F6FD921B0F0389009F5070 /* Keys.plist in Resources */ = {isa = PBXBuildFile; fileRef = 49F6FD911B0F0389009F5070 /* Keys.plist */; };
		49F6FD941B0F05D0009F5070 /* ComposeViewController.swift in Sources */ = {isa = PBXBuildFile; fileRef = 49F6FD931B0F05D0009F5070 /* ComposeViewController.swift */; };
/* End PBXBuildFile section */

/* Begin PBXContainerItemProxy section */
		49F6FD301B0EBEE3009F5070 /* PBXContainerItemProxy */ = {
			isa = PBXContainerItemProxy;
			containerPortal = 49F6FD121B0EBEE3009F5070 /* Project object */;
			proxyType = 1;
			remoteGlobalIDString = 49F6FD191B0EBEE3009F5070;
			remoteInfo = oDeck;
		};
/* End PBXContainerItemProxy section */

/* Begin PBXFileReference section */
		4983636F1B14032C00FA8FB4 /* ComposeCollectionViewCell.swift */ = {isa = PBXFileReference; fileEncoding = 4; lastKnownFileType = sourcecode.swift; path = ComposeCollectionViewCell.swift; sourceTree = "<group>"; };
		49B01B981B14189A00CFF822 /* KeyViewController.swift */ = {isa = PBXFileReference; fileEncoding = 4; lastKnownFileType = sourcecode.swift; path = KeyViewController.swift; sourceTree = "<group>"; };
		49B3013F1B20295A006DB118 /* ParseUI.framework */ = {isa = PBXFileReference; lastKnownFileType = wrapper.framework; name = ParseUI.framework; path = Framework/ParseUI.framework; sourceTree = "<group>"; };
		49B301411B20297B006DB118 /* Parse.framework */ = {isa = PBXFileReference; lastKnownFileType = wrapper.framework; name = Parse.framework; path = Framework/Parse.framework; sourceTree = "<group>"; };
		49F6FD1A1B0EBEE3009F5070 /* oDeck.app */ = {isa = PBXFileReference; explicitFileType = wrapper.application; includeInIndex = 0; path = oDeck.app; sourceTree = BUILT_PRODUCTS_DIR; };
		49F6FD1E1B0EBEE3009F5070 /* Info.plist */ = {isa = PBXFileReference; lastKnownFileType = text.plist.xml; path = Info.plist; sourceTree = "<group>"; };
		49F6FD1F1B0EBEE3009F5070 /* AppDelegate.swift */ = {isa = PBXFileReference; lastKnownFileType = sourcecode.swift; path = AppDelegate.swift; sourceTree = "<group>"; };
		49F6FD211B0EBEE3009F5070 /* ViewController.swift */ = {isa = PBXFileReference; lastKnownFileType = sourcecode.swift; path = ViewController.swift; sourceTree = "<group>"; };
		49F6FD241B0EBEE3009F5070 /* Base */ = {isa = PBXFileReference; lastKnownFileType = file.storyboard; name = Base; path = Base.lproj/Main.storyboard; sourceTree = "<group>"; };
		49F6FD261B0EBEE3009F5070 /* Images.xcassets */ = {isa = PBXFileReference; lastKnownFileType = folder.assetcatalog; path = Images.xcassets; sourceTree = "<group>"; };
		49F6FD291B0EBEE3009F5070 /* Base */ = {isa = PBXFileReference; lastKnownFileType = file.xib; name = Base; path = Base.lproj/LaunchScreen.xib; sourceTree = "<group>"; };
		49F6FD2F1B0EBEE3009F5070 /* oDeckTests.xctest */ = {isa = PBXFileReference; explicitFileType = wrapper.cfbundle; includeInIndex = 0; path = oDeckTests.xctest; sourceTree = BUILT_PRODUCTS_DIR; };
		49F6FD341B0EBEE3009F5070 /* Info.plist */ = {isa = PBXFileReference; lastKnownFileType = text.plist.xml; path = Info.plist; sourceTree = "<group>"; };
		49F6FD351B0EBEE3009F5070 /* oDeckTests.swift */ = {isa = PBXFileReference; lastKnownFileType = sourcecode.swift; path = oDeckTests.swift; sourceTree = "<group>"; };
		49F6FD3F1B0EBF1F009F5070 /* CustomTableViewCell.swift */ = {isa = PBXFileReference; fileEncoding = 4; lastKnownFileType = sourcecode.swift; path = CustomTableViewCell.swift; sourceTree = "<group>"; };
		49F6FD411B0EBF49009F5070 /* CustomCollectionViewCell.swift */ = {isa = PBXFileReference; fileEncoding = 4; lastKnownFileType = sourcecode.swift; path = CustomCollectionViewCell.swift; sourceTree = "<group>"; };
		49F6FD431B0EBFD4009F5070 /* CustomCollectionViewCell.xib */ = {isa = PBXFileReference; fileEncoding = 4; lastKnownFileType = file.xib; path = CustomCollectionViewCell.xib; sourceTree = "<group>"; };
		49F6FD441B0EBFD4009F5070 /* CustomTableViewCell.xib */ = {isa = PBXFileReference; fileEncoding = 4; lastKnownFileType = file.xib; path = CustomTableViewCell.xib; sourceTree = "<group>"; };
		49F6FD751B0EFE3D009F5070 /* Bolts.framework */ = {isa = PBXFileReference; lastKnownFileType = wrapper.framework; name = Bolts.framework; path = Framework/Bolts.framework; sourceTree = "<group>"; };
		49F6FD761B0EFE3D009F5070 /* Parse.framework */ = {isa = PBXFileReference; lastKnownFileType = wrapper.framework; name = Parse.framework; path = Framework/Parse.framework; sourceTree = "<group>"; };
		49F6FD7A1B0EFEAB009F5070 /* AudioToolbox.framework */ = {isa = PBXFileReference; lastKnownFileType = wrapper.framework; name = AudioToolbox.framework; path = System/Library/Frameworks/AudioToolbox.framework; sourceTree = SDKROOT; };
		49F6FD7C1B0EFEB7009F5070 /* CFNetwork.framework */ = {isa = PBXFileReference; lastKnownFileType = wrapper.framework; name = CFNetwork.framework; path = System/Library/Frameworks/CFNetwork.framework; sourceTree = SDKROOT; };
		49F6FD7E1B0EFEC0009F5070 /* CoreGraphics.framework */ = {isa = PBXFileReference; lastKnownFileType = wrapper.framework; name = CoreGraphics.framework; path = System/Library/Frameworks/CoreGraphics.framework; sourceTree = SDKROOT; };
		49F6FD801B0EFECA009F5070 /* CoreLocation.framework */ = {isa = PBXFileReference; lastKnownFileType = wrapper.framework; name = CoreLocation.framework; path = System/Library/Frameworks/CoreLocation.framework; sourceTree = SDKROOT; };
		49F6FD821B0EFED3009F5070 /* MobileCoreServices.framework */ = {isa = PBXFileReference; lastKnownFileType = wrapper.framework; name = MobileCoreServices.framework; path = System/Library/Frameworks/MobileCoreServices.framework; sourceTree = SDKROOT; };
		49F6FD841B0EFEE0009F5070 /* QuartzCore.framework */ = {isa = PBXFileReference; lastKnownFileType = wrapper.framework; name = QuartzCore.framework; path = System/Library/Frameworks/QuartzCore.framework; sourceTree = SDKROOT; };
		49F6FD861B0EFEEA009F5070 /* Security.framework */ = {isa = PBXFileReference; lastKnownFileType = wrapper.framework; name = Security.framework; path = System/Library/Frameworks/Security.framework; sourceTree = SDKROOT; };
		49F6FD881B0EFEF5009F5070 /* StoreKit.framework */ = {isa = PBXFileReference; lastKnownFileType = wrapper.framework; name = StoreKit.framework; path = System/Library/Frameworks/StoreKit.framework; sourceTree = SDKROOT; };
		49F6FD8A1B0EFF00009F5070 /* SystemConfiguration.framework */ = {isa = PBXFileReference; lastKnownFileType = wrapper.framework; name = SystemConfiguration.framework; path = System/Library/Frameworks/SystemConfiguration.framework; sourceTree = SDKROOT; };
		49F6FD8C1B0EFF0B009F5070 /* libz.dylib */ = {isa = PBXFileReference; lastKnownFileType = "compiled.mach-o.dylib"; name = libz.dylib; path = usr/lib/libz.dylib; sourceTree = SDKROOT; };
		49F6FD8E1B0EFF1C009F5070 /* libsqlite3.dylib */ = {isa = PBXFileReference; lastKnownFileType = "compiled.mach-o.dylib"; name = libsqlite3.dylib; path = usr/lib/libsqlite3.dylib; sourceTree = SDKROOT; };
		49F6FD911B0F0389009F5070 /* Keys.plist */ = {isa = PBXFileReference; fileEncoding = 4; lastKnownFileType = text.plist.xml; path = Keys.plist; sourceTree = "<group>"; };
		49F6FD931B0F05D0009F5070 /* ComposeViewController.swift */ = {isa = PBXFileReference; fileEncoding = 4; lastKnownFileType = sourcecode.swift; path = ComposeViewController.swift; sourceTree = "<group>"; };
/* End PBXFileReference section */

/* Begin PBXFrameworksBuildPhase section */
		49F6FD171B0EBEE3009F5070 /* Frameworks */ = {
			isa = PBXFrameworksBuildPhase;
			buildActionMask = 2147483647;
			files = (
				49F6FD8F1B0EFF1C009F5070 /* libsqlite3.dylib in Frameworks */,
				49F6FD8D1B0EFF0B009F5070 /* libz.dylib in Frameworks */,
				49B301401B20295A006DB118 /* ParseUI.framework in Frameworks */,
				49F6FD8B1B0EFF00009F5070 /* SystemConfiguration.framework in Frameworks */,
				49B301421B20297B006DB118 /* Parse.framework in Frameworks */,
				49F6FD891B0EFEF5009F5070 /* StoreKit.framework in Frameworks */,
				49F6FD871B0EFEEA009F5070 /* Security.framework in Frameworks */,
				49F6FD851B0EFEE0009F5070 /* QuartzCore.framework in Frameworks */,
				49F6FD831B0EFED3009F5070 /* MobileCoreServices.framework in Frameworks */,
				49F6FD811B0EFECA009F5070 /* CoreLocation.framework in Frameworks */,
				49F6FD7F1B0EFEC0009F5070 /* CoreGraphics.framework in Frameworks */,
				49F6FD7D1B0EFEB7009F5070 /* CFNetwork.framework in Frameworks */,
				49F6FD7B1B0EFEAB009F5070 /* AudioToolbox.framework in Frameworks */,
				49F6FD781B0EFE3D009F5070 /* Parse.framework in Frameworks */,
				49F6FD771B0EFE3D009F5070 /* Bolts.framework in Frameworks */,
			);
			runOnlyForDeploymentPostprocessing = 0;
		};
		49F6FD2C1B0EBEE3009F5070 /* Frameworks */ = {
			isa = PBXFrameworksBuildPhase;
			buildActionMask = 2147483647;
			files = (
			);
			runOnlyForDeploymentPostprocessing = 0;
		};
/* End PBXFrameworksBuildPhase section */

/* Begin PBXGroup section */
		49F6FD111B0EBEE3009F5070 = {
			isa = PBXGroup;
			children = (
				49F6FD901B0EFF3E009F5070 /* Framework */,
				49F6FD1C1B0EBEE3009F5070 /* oDeck */,
				49F6FD321B0EBEE3009F5070 /* oDeckTests */,
				49F6FD1B1B0EBEE3009F5070 /* Products */,
			);
			sourceTree = "<group>";
		};
		49F6FD1B1B0EBEE3009F5070 /* Products */ = {
			isa = PBXGroup;
			children = (
				49F6FD1A1B0EBEE3009F5070 /* oDeck.app */,
				49F6FD2F1B0EBEE3009F5070 /* oDeckTests.xctest */,
			);
			name = Products;
			sourceTree = "<group>";
		};
		49F6FD1C1B0EBEE3009F5070 /* oDeck */ = {
			isa = PBXGroup;
			children = (
				49F6FD1F1B0EBEE3009F5070 /* AppDelegate.swift */,
				49F6FD931B0F05D0009F5070 /* ComposeViewController.swift */,
				4983636F1B14032C00FA8FB4 /* ComposeCollectionViewCell.swift */,
				49F6FD431B0EBFD4009F5070 /* CustomCollectionViewCell.xib */,
				49F6FD441B0EBFD4009F5070 /* CustomTableViewCell.xib */,
				49F6FD211B0EBEE3009F5070 /* ViewController.swift */,
				49F6FD3F1B0EBF1F009F5070 /* CustomTableViewCell.swift */,
				49F6FD411B0EBF49009F5070 /* CustomCollectionViewCell.swift */,
				49B01B981B14189A00CFF822 /* KeyViewController.swift */,
				49F6FD231B0EBEE3009F5070 /* Main.storyboard */,
				49F6FD261B0EBEE3009F5070 /* Images.xcassets */,
				49F6FD281B0EBEE3009F5070 /* LaunchScreen.xib */,
				49F6FD1D1B0EBEE3009F5070 /* Supporting Files */,
			);
			path = oDeck;
			sourceTree = "<group>";
		};
		49F6FD1D1B0EBEE3009F5070 /* Supporting Files */ = {
			isa = PBXGroup;
			children = (
				49F6FD911B0F0389009F5070 /* Keys.plist */,
				49F6FD1E1B0EBEE3009F5070 /* Info.plist */,
			);
			name = "Supporting Files";
			sourceTree = "<group>";
		};
		49F6FD321B0EBEE3009F5070 /* oDeckTests */ = {
			isa = PBXGroup;
			children = (
				49F6FD351B0EBEE3009F5070 /* oDeckTests.swift */,
				49F6FD331B0EBEE3009F5070 /* Supporting Files */,
			);
			path = oDeckTests;
			sourceTree = "<group>";
		};
		49F6FD331B0EBEE3009F5070 /* Supporting Files */ = {
			isa = PBXGroup;
			children = (
				49F6FD341B0EBEE3009F5070 /* Info.plist */,
			);
			name = "Supporting Files";
			sourceTree = "<group>";
		};
		49F6FD901B0EFF3E009F5070 /* Framework */ = {
			isa = PBXGroup;
			children = (
				49F6FD751B0EFE3D009F5070 /* Bolts.framework */,
				49F6FD8E1B0EFF1C009F5070 /* libsqlite3.dylib */,
				49B301411B20297B006DB118 /* Parse.framework */,
				49F6FD8C1B0EFF0B009F5070 /* libz.dylib */,
				49B3013F1B20295A006DB118 /* ParseUI.framework */,
				49F6FD8A1B0EFF00009F5070 /* SystemConfiguration.framework */,
				49F6FD881B0EFEF5009F5070 /* StoreKit.framework */,
				49F6FD861B0EFEEA009F5070 /* Security.framework */,
				49F6FD841B0EFEE0009F5070 /* QuartzCore.framework */,
				49F6FD821B0EFED3009F5070 /* MobileCoreServices.framework */,
				49F6FD801B0EFECA009F5070 /* CoreLocation.framework */,
				49F6FD7E1B0EFEC0009F5070 /* CoreGraphics.framework */,
				49F6FD7C1B0EFEB7009F5070 /* CFNetwork.framework */,
				49F6FD7A1B0EFEAB009F5070 /* AudioToolbox.framework */,
			);
			name = Framework;
			sourceTree = "<group>";
		};
/* End PBXGroup section */

/* Begin PBXNativeTarget section */
		49F6FD191B0EBEE3009F5070 /* oDeck */ = {
			isa = PBXNativeTarget;
			buildConfigurationList = 49F6FD391B0EBEE3009F5070 /* Build configuration list for PBXNativeTarget "oDeck" */;
			buildPhases = (
				49F6FD161B0EBEE3009F5070 /* Sources */,
				49F6FD171B0EBEE3009F5070 /* Frameworks */,
				49F6FD181B0EBEE3009F5070 /* Resources */,
			);
			buildRules = (
			);
			dependencies = (
			);
			name = oDeck;
			productName = oDeck;
			productReference = 49F6FD1A1B0EBEE3009F5070 /* oDeck.app */;
			productType = "com.apple.product-type.application";
		};
		49F6FD2E1B0EBEE3009F5070 /* oDeckTests */ = {
			isa = PBXNativeTarget;
			buildConfigurationList = 49F6FD3C1B0EBEE3009F5070 /* Build configuration list for PBXNativeTarget "oDeckTests" */;
			buildPhases = (
				49F6FD2B1B0EBEE3009F5070 /* Sources */,
				49F6FD2C1B0EBEE3009F5070 /* Frameworks */,
				49F6FD2D1B0EBEE3009F5070 /* Resources */,
			);
			buildRules = (
			);
			dependencies = (
				49F6FD311B0EBEE3009F5070 /* PBXTargetDependency */,
			);
			name = oDeckTests;
			productName = oDeckTests;
			productReference = 49F6FD2F1B0EBEE3009F5070 /* oDeckTests.xctest */;
			productType = "com.apple.product-type.bundle.unit-test";
		};
/* End PBXNativeTarget section */

/* Begin PBXProject section */
		49F6FD121B0EBEE3009F5070 /* Project object */ = {
			isa = PBXProject;
			attributes = {
				LastUpgradeCheck = 0630;
				ORGANIZATIONNAME = druiced;
				TargetAttributes = {
					49F6FD191B0EBEE3009F5070 = {
						CreatedOnToolsVersion = 6.3.2;
					};
					49F6FD2E1B0EBEE3009F5070 = {
						CreatedOnToolsVersion = 6.3.2;
						TestTargetID = 49F6FD191B0EBEE3009F5070;
					};
				};
			};
			buildConfigurationList = 49F6FD151B0EBEE3009F5070 /* Build configuration list for PBXProject "oDeck" */;
			compatibilityVersion = "Xcode 3.2";
			developmentRegion = English;
			hasScannedForEncodings = 0;
			knownRegions = (
				en,
				Base,
			);
			mainGroup = 49F6FD111B0EBEE3009F5070;
			productRefGroup = 49F6FD1B1B0EBEE3009F5070 /* Products */;
			projectDirPath = "";
			projectRoot = "";
			targets = (
				49F6FD191B0EBEE3009F5070 /* oDeck */,
				49F6FD2E1B0EBEE3009F5070 /* oDeckTests */,
			);
		};
/* End PBXProject section */

/* Begin PBXResourcesBuildPhase section */
		49F6FD181B0EBEE3009F5070 /* Resources */ = {
			isa = PBXResourcesBuildPhase;
			buildActionMask = 2147483647;
			files = (
				49F6FD921B0F0389009F5070 /* Keys.plist in Resources */,
				49F6FD251B0EBEE3009F5070 /* Main.storyboard in Resources */,
				49F6FD2A1B0EBEE3009F5070 /* LaunchScreen.xib in Resources */,
				49F6FD271B0EBEE3009F5070 /* Images.xcassets in Resources */,
				49F6FD461B0EBFD4009F5070 /* CustomTableViewCell.xib in Resources */,
				49F6FD451B0EBFD4009F5070 /* CustomCollectionViewCell.xib in Resources */,
			);
			runOnlyForDeploymentPostprocessing = 0;
		};
		49F6FD2D1B0EBEE3009F5070 /* Resources */ = {
			isa = PBXResourcesBuildPhase;
			buildActionMask = 2147483647;
			files = (
			);
			runOnlyForDeploymentPostprocessing = 0;
		};
/* End PBXResourcesBuildPhase section */

/* Begin PBXSourcesBuildPhase section */
		49F6FD161B0EBEE3009F5070 /* Sources */ = {
			isa = PBXSourcesBuildPhase;
			buildActionMask = 2147483647;
			files = (
				49F6FD941B0F05D0009F5070 /* ComposeViewController.swift in Sources */,
				49B01B991B14189A00CFF822 /* KeyViewController.swift in Sources */,
				498363701B14032C00FA8FB4 /* ComposeCollectionViewCell.swift in Sources */,
				49F6FD401B0EBF1F009F5070 /* CustomTableViewCell.swift in Sources */,
				49F6FD221B0EBEE3009F5070 /* ViewController.swift in Sources */,
				49F6FD201B0EBEE3009F5070 /* AppDelegate.swift in Sources */,
				49F6FD421B0EBF49009F5070 /* CustomCollectionViewCell.swift in Sources */,
			);
			runOnlyForDeploymentPostprocessing = 0;
		};
		49F6FD2B1B0EBEE3009F5070 /* Sources */ = {
			isa = PBXSourcesBuildPhase;
			buildActionMask = 2147483647;
			files = (
				49F6FD361B0EBEE3009F5070 /* oDeckTests.swift in Sources */,
			);
			runOnlyForDeploymentPostprocessing = 0;
		};
/* End PBXSourcesBuildPhase section */

/* Begin PBXTargetDependency section */
		49F6FD311B0EBEE3009F5070 /* PBXTargetDependency */ = {
			isa = PBXTargetDependency;
			target = 49F6FD191B0EBEE3009F5070 /* oDeck */;
			targetProxy = 49F6FD301B0EBEE3009F5070 /* PBXContainerItemProxy */;
		};
/* End PBXTargetDependency section */

/* Begin PBXVariantGroup section */
		49F6FD231B0EBEE3009F5070 /* Main.storyboard */ = {
			isa = PBXVariantGroup;
			children = (
				49F6FD241B0EBEE3009F5070 /* Base */,
			);
			name = Main.storyboard;
			sourceTree = "<group>";
		};
		49F6FD281B0EBEE3009F5070 /* LaunchScreen.xib */ = {
			isa = PBXVariantGroup;
			children = (
				49F6FD291B0EBEE3009F5070 /* Base */,
			);
			name = LaunchScreen.xib;
			sourceTree = "<group>";
		};
/* End PBXVariantGroup section */

/* Begin XCBuildConfiguration section */
		49F6FD371B0EBEE3009F5070 /* Debug */ = {
			isa = XCBuildConfiguration;
			buildSettings = {
				ALWAYS_SEARCH_USER_PATHS = NO;
				CLANG_CXX_LANGUAGE_STANDARD = "gnu++0x";
				CLANG_CXX_LIBRARY = "libc++";
				CLANG_ENABLE_MODULES = YES;
				CLANG_ENABLE_OBJC_ARC = YES;
				CLANG_WARN_BOOL_CONVERSION = YES;
				CLANG_WARN_CONSTANT_CONVERSION = YES;
				CLANG_WARN_DIRECT_OBJC_ISA_USAGE = YES_ERROR;
				CLANG_WARN_EMPTY_BODY = YES;
				CLANG_WARN_ENUM_CONVERSION = YES;
				CLANG_WARN_INT_CONVERSION = YES;
				CLANG_WARN_OBJC_ROOT_CLASS = YES_ERROR;
				CLANG_WARN_UNREACHABLE_CODE = YES;
				CLANG_WARN__DUPLICATE_METHOD_MATCH = YES;
				"CODE_SIGN_IDENTITY[sdk=iphoneos*]" = "iPhone Developer";
				COPY_PHASE_STRIP = NO;
				DEBUG_INFORMATION_FORMAT = "dwarf-with-dsym";
				ENABLE_STRICT_OBJC_MSGSEND = YES;
				GCC_C_LANGUAGE_STANDARD = gnu99;
				GCC_DYNAMIC_NO_PIC = NO;
				GCC_NO_COMMON_BLOCKS = YES;
				GCC_OPTIMIZATION_LEVEL = 0;
				GCC_PREPROCESSOR_DEFINITIONS = (
					"DEBUG=1",
					"$(inherited)",
				);
				GCC_SYMBOLS_PRIVATE_EXTERN = NO;
				GCC_WARN_64_TO_32_BIT_CONVERSION = YES;
				GCC_WARN_ABOUT_RETURN_TYPE = YES_ERROR;
				GCC_WARN_UNDECLARED_SELECTOR = YES;
				GCC_WARN_UNINITIALIZED_AUTOS = YES_AGGRESSIVE;
				GCC_WARN_UNUSED_FUNCTION = YES;
				GCC_WARN_UNUSED_VARIABLE = YES;
				IPHONEOS_DEPLOYMENT_TARGET = 8.3;
				MTL_ENABLE_DEBUG_INFO = YES;
				ONLY_ACTIVE_ARCH = YES;
				SDKROOT = iphoneos;
				SWIFT_OPTIMIZATION_LEVEL = "-Onone";
			};
			name = Debug;
		};
		49F6FD381B0EBEE3009F5070 /* Release */ = {
			isa = XCBuildConfiguration;
			buildSettings = {
				ALWAYS_SEARCH_USER_PATHS = NO;
				CLANG_CXX_LANGUAGE_STANDARD = "gnu++0x";
				CLANG_CXX_LIBRARY = "libc++";
				CLANG_ENABLE_MODULES = YES;
				CLANG_ENABLE_OBJC_ARC = YES;
				CLANG_WARN_BOOL_CONVERSION = YES;
				CLANG_WARN_CONSTANT_CONVERSION = YES;
				CLANG_WARN_DIRECT_OBJC_ISA_USAGE = YES_ERROR;
				CLANG_WARN_EMPTY_BODY = YES;
				CLANG_WARN_ENUM_CONVERSION = YES;
				CLANG_WARN_INT_CONVERSION = YES;
				CLANG_WARN_OBJC_ROOT_CLASS = YES_ERROR;
				CLANG_WARN_UNREACHABLE_CODE = YES;
				CLANG_WARN__DUPLICATE_METHOD_MATCH = YES;
				"CODE_SIGN_IDENTITY[sdk=iphoneos*]" = "iPhone Developer";
				COPY_PHASE_STRIP = NO;
				DEBUG_INFORMATION_FORMAT = "dwarf-with-dsym";
				ENABLE_NS_ASSERTIONS = NO;
				ENABLE_STRICT_OBJC_MSGSEND = YES;
				GCC_C_LANGUAGE_STANDARD = gnu99;
				GCC_NO_COMMON_BLOCKS = YES;
				GCC_WARN_64_TO_32_BIT_CONVERSION = YES;
				GCC_WARN_ABOUT_RETURN_TYPE = YES_ERROR;
				GCC_WARN_UNDECLARED_SELECTOR = YES;
				GCC_WARN_UNINITIALIZED_AUTOS = YES_AGGRESSIVE;
				GCC_WARN_UNUSED_FUNCTION = YES;
				GCC_WARN_UNUSED_VARIABLE = YES;
				IPHONEOS_DEPLOYMENT_TARGET = 8.3;
				MTL_ENABLE_DEBUG_INFO = NO;
				SDKROOT = iphoneos;
				VALIDATE_PRODUCT = YES;
			};
			name = Release;
		};
		49F6FD3A1B0EBEE3009F5070 /* Debug */ = {
			isa = XCBuildConfiguration;
			buildSettings = {
				ASSETCATALOG_COMPILER_APPICON_NAME = AppIcon;
				FRAMEWORK_SEARCH_PATHS = (
					"$(inherited)",
					"$(PROJECT_DIR)/Framework",
					"/Users/Andrew/Downloads/parse-library-1.7.4",
				);
				INFOPLIST_FILE = oDeck/Info.plist;
				LD_RUNPATH_SEARCH_PATHS = "$(inherited) @executable_path/Frameworks";
				PRODUCT_NAME = "$(TARGET_NAME)";
			};
			name = Debug;
		};
		49F6FD3B1B0EBEE3009F5070 /* Release */ = {
			isa = XCBuildConfiguration;
			buildSettings = {
				ASSETCATALOG_COMPILER_APPICON_NAME = AppIcon;
				FRAMEWORK_SEARCH_PATHS = (
					"$(inherited)",
					"$(PROJECT_DIR)/Framework",
					"/Users/Andrew/Downloads/parse-library-1.7.4",
				);
				INFOPLIST_FILE = oDeck/Info.plist;
				LD_RUNPATH_SEARCH_PATHS = "$(inherited) @executable_path/Frameworks";
				PRODUCT_NAME = "$(TARGET_NAME)";
			};
			name = Release;
		};
		49F6FD3D1B0EBEE3009F5070 /* Debug */ = {
			isa = XCBuildConfiguration;
			buildSettings = {
				BUNDLE_LOADER = "$(TEST_HOST)";
				FRAMEWORK_SEARCH_PATHS = (
					"$(SDKROOT)/Developer/Library/Frameworks",
					"$(inherited)",
				);
				GCC_PREPROCESSOR_DEFINITIONS = (
					"DEBUG=1",
					"$(inherited)",
				);
				INFOPLIST_FILE = oDeckTests/Info.plist;
				LD_RUNPATH_SEARCH_PATHS = "$(inherited) @executable_path/Frameworks @loader_path/Frameworks";
				PRODUCT_NAME = "$(TARGET_NAME)";
				TEST_HOST = "$(BUILT_PRODUCTS_DIR)/oDeck.app/oDeck";
			};
			name = Debug;
		};
		49F6FD3E1B0EBEE3009F5070 /* Release */ = {
			isa = XCBuildConfiguration;
			buildSettings = {
				BUNDLE_LOADER = "$(TEST_HOST)";
				FRAMEWORK_SEARCH_PATHS = (
					"$(SDKROOT)/Developer/Library/Frameworks",
					"$(inherited)",
				);
				INFOPLIST_FILE = oDeckTests/Info.plist;
				LD_RUNPATH_SEARCH_PATHS = "$(inherited) @executable_path/Frameworks @loader_path/Frameworks";
				PRODUCT_NAME = "$(TARGET_NAME)";
				TEST_HOST = "$(BUILT_PRODUCTS_DIR)/oDeck.app/oDeck";
			};
			name = Release;
		};
/* End XCBuildConfiguration section */

/* Begin XCConfigurationList section */
		49F6FD151B0EBEE3009F5070 /* Build configuration list for PBXProject "oDeck" */ = {
			isa = XCConfigurationList;
			buildConfigurations = (
				49F6FD371B0EBEE3009F5070 /* Debug */,
				49F6FD381B0EBEE3009F5070 /* Release */,
			);
			defaultConfigurationIsVisible = 0;
			defaultConfigurationName = Release;
		};
		49F6FD391B0EBEE3009F5070 /* Build configuration list for PBXNativeTarget "oDeck" */ = {
			isa = XCConfigurationList;
			buildConfigurations = (
				49F6FD3A1B0EBEE3009F5070 /* Debug */,
				49F6FD3B1B0EBEE3009F5070 /* Release */,
			);
			defaultConfigurationIsVisible = 0;
			defaultConfigurationName = Release;
		};
		49F6FD3C1B0EBEE3009F5070 /* Build configuration list for PBXNativeTarget "oDeckTests" */ = {
			isa = XCConfigurationList;
			buildConfigurations = (
				49F6FD3D1B0EBEE3009F5070 /* Debug */,
				49F6FD3E1B0EBEE3009F5070 /* Release */,
			);
			defaultConfigurationIsVisible = 0;
			defaultConfigurationName = Release;
		};
/* End XCConfigurationList section */
	};
	rootObject = 49F6FD121B0EBEE3009F5070 /* Project object */;
}
